
Microsoft Visual Studio Solution File, Format Version 12.00
# Visual Studio Version 17
VisualStudioVersion = 17.4.33110.190
MinimumVisualStudioVersion = 10.0.40219.1
Project("{9A19103F-16F7-4668-BE54-9A1E7A4F7556}") = "webapi", "webapi\webapi.csproj", "{22B6B1CA-CE7B-48AC-9BD4-3CC4B442B96D}"
EndProject
Project("{9A19103F-16F7-4668-BE54-9A1E7A4F7556}") = "webapp", "webapp\webapp.csproj", "{33641486-4728-4C6E-8AE1-A8C8D55467B6}"
EndProject
Global
	GlobalSection(SolutionConfigurationPlatforms) = preSolution
		Debug|Any CPU = Debug|Any CPU
		Release|Any CPU = Release|Any CPU
	EndGlobalSection
	GlobalSection(ProjectConfigurationPlatforms) = postSolution
		{22B6B1CA-CE7B-48AC-9BD4-3CC4B442B96D}.Debug|Any CPU.ActiveCfg = Debug|Any CPU
		{22B6B1CA-CE7B-48AC-9BD4-3CC4B442B96D}.Debug|Any CPU.Build.0 = Debug|Any CPU
		{22B6B1CA-CE7B-48AC-9BD4-3CC4B442B96D}.Release|Any CPU.ActiveCfg = Release|Any CPU
		{22B6B1CA-CE7B-48AC-9BD4-3CC4B442B96D}.Release|Any CPU.Build.0 = Release|Any CPU
		{33641486-4728-4C6E-8AE1-A8C8D55467B6}.Debug|Any CPU.ActiveCfg = Debug|Any CPU
		{33641486-4728-4C6E-8AE1-A8C8D55467B6}.Debug|Any CPU.Build.0 = Debug|Any CPU
		{33641486-4728-4C6E-8AE1-A8C8D55467B6}.Release|Any CPU.ActiveCfg = Release|Any CPU
		{33641486-4728-4C6E-8AE1-A8C8D55467B6}.Release|Any CPU.Build.0 = Release|Any CPU
	EndGlobalSection
	GlobalSection(SolutionProperties) = preSolution
		HideSolutionNode = FALSE
	EndGlobalSection
	GlobalSection(ExtensibilityGlobals) = postSolution
		SolutionGuid = {60F2D2DC-0044-49F5-865F-77F7D31F6C62}
	EndGlobalSection
EndGlobal
